# THIS IS AN AUTOGENERATED FILE. DO NOT EDIT THIS FILE DIRECTLY.
# yarn lockfile v1


cookie@^0.3.1:
  version "0.3.1"
  resolved "https://registry.npm.taobao.org/cookie/download/cookie-0.3.1.tgz#e7e0a1f9ef43b4c8ba925c5c5a96e806d16873bb"
  integrity sha1-5+Ch+e9DtMi6klxcWpboBtFoc7s=

js-cookie@^2.2.1:
  version "2.2.1"
  resolved "https://registry.npm.taobao.org/js-cookie/download/js-cookie-2.2.1.tgz#69e106dc5d5806894562902aa5baec3744e9b2b8"
  integrity sha1-aeEG3F1YBolFYpAqpbrsN0Tpsrg=

object-assign@^4.1.1:
  version "4.1.1"
  resolved "https://registry.npm.taobao.org/object-assign/download/object-assign-4.1.1.tgz#2109adc7965887cfc05cbbd442cac8bfbb360863"
  integrity sha1-IQmtx5ZYh8/AXLvUQsrIv7s2CGM=

react-cookies@^0.1.1:
  version "0.1.1"
  resolved "https://registry.npm.taobao.org/react-cookies/download/react-cookies-0.1.1.tgz#2a35807e04f5a13f58ccd1a9fb66574506873c88"
  integrity sha1-KjWAfgT1oT9YzNGp+2ZXRQaHPIg=
  dependencies:
    cookie "^0.3.1"
    object-assign "^4.1.1"
